{
  "name": "npm-demo",
  "version": "1.0.0",
  "lockfileVersion": 3,
  "requires": true,
  "packages": {
    "": {
      "name": "npm-demo",
      "version": "1.0.0",
      "license": "ISC",
      "dependencies": {
        "stringstream": "0.0.5"
      }
    },
    "node_modules/stringstream": {
      "version": "0.0.5",
      "resolved": "https://registry.npmjs.org/stringstream/-/stringstream-0.0.5.tgz",
      "integrity": "sha512-QUQ1kThMjLRt4jA8lsn9lyIkE9bKafE7LDOL/nBBUY9Tfv2i3x1NAsVHG0uMCusFOWeeI6COhY/F20+avxRWSw=="
    }
  }
}
